
Microsoft Visual Studio Solution File, Format Version 12.00
# Visual Studio Version 17
VisualStudioVersion = 17.1.32421.90
MinimumVisualStudioVersion = 10.0.40219.1
Project("{9A19103F-16F7-4668-BE54-9A1E7A4F7556}") = "BotV8", "BotV8\BotV8.csproj", "{9FDED5C2-9C4B-4884-A1C7-2229D574E830}"
EndProject
Project("{9A19103F-16F7-4668-BE54-9A1E7A4F7556}") = "BotDashboard", "BotDashboard\BotDashboard.csproj", "{63E9C76C-0A80-4365-985A-4EA59110995D}"
EndProject
Project("{FAE04EC0-301F-11D3-BF4B-00C04F79EFBC}") = "BotClassLibrary", "BotClassLibrary\BotClassLibrary.csproj", "{C6E0E16D-8BBA-4C0E-B15A-E79DF3F3043E}"
EndProject
Global
	GlobalSection(SolutionConfigurationPlatforms) = preSolution
		Debug|Any CPU = Debug|Any CPU
		Release|Any CPU = Release|Any CPU
	EndGlobalSection
	GlobalSection(ProjectConfigurationPlatforms) = postSolution
		{9FDED5C2-9C4B-4884-A1C7-2229D574E830}.Debug|Any CPU.ActiveCfg = Debug|Any CPU
		{9FDED5C2-9C4B-4884-A1C7-2229D574E830}.Debug|Any CPU.Build.0 = Debug|Any CPU
		{9FDED5C2-9C4B-4884-A1C7-2229D574E830}.Release|Any CPU.ActiveCfg = Release|Any CPU
		{9FDED5C2-9C4B-4884-A1C7-2229D574E830}.Release|Any CPU.Build.0 = Release|Any CPU
		{63E9C76C-0A80-4365-985A-4EA59110995D}.Debug|Any CPU.ActiveCfg = Debug|Any CPU
		{63E9C76C-0A80-4365-985A-4EA59110995D}.Debug|Any CPU.Build.0 = Debug|Any CPU
		{63E9C76C-0A80-4365-985A-4EA59110995D}.Release|Any CPU.ActiveCfg = Release|Any CPU
		{63E9C76C-0A80-4365-985A-4EA59110995D}.Release|Any CPU.Build.0 = Release|Any CPU
		{C6E0E16D-8BBA-4C0E-B15A-E79DF3F3043E}.Debug|Any CPU.ActiveCfg = Debug|Any CPU
		{C6E0E16D-8BBA-4C0E-B15A-E79DF3F3043E}.Debug|Any CPU.Build.0 = Debug|Any CPU
		{C6E0E16D-8BBA-4C0E-B15A-E79DF3F3043E}.Release|Any CPU.ActiveCfg = Release|Any CPU
		{C6E0E16D-8BBA-4C0E-B15A-E79DF3F3043E}.Release|Any CPU.Build.0 = Release|Any CPU
	EndGlobalSection
	GlobalSection(SolutionProperties) = preSolution
		HideSolutionNode = FALSE
	EndGlobalSection
	GlobalSection(ExtensibilityGlobals) = postSolution
		SolutionGuid = {21A1E064-D068-4065-806A-EC55CA0111B8}
	EndGlobalSection
EndGlobal
